
Microsoft Visual Studio Solution File, Format Version 12.00
# Visual Studio Version 17
VisualStudioVersion = 17.0.31903.59
MinimumVisualStudioVersion = 10.0.40219.1
Project("{FAE04EC0-301F-11D3-BF4B-00C04F79EFBC}") = "Application", "Application\Application.csproj", "{F9856390-4C63-4BA7-B6BF-598F0DDB344F}"
EndProject
Project("{FAE04EC0-301F-11D3-BF4B-00C04F79EFBC}") = "Infrastructure", "Infrastructure\Infrastructure.csproj", "{C18479AC-472E-4CD5-A8A8-E750253A917A}"
EndProject
Project("{FAE04EC0-301F-11D3-BF4B-00C04F79EFBC}") = "Api", "Api\Api.csproj", "{92D50344-4C64-4360-97F5-90ADE7BCA28E}"
EndProject
Project("{FAE04EC0-301F-11D3-BF4B-00C04F79EFBC}") = "Domain", "Domain\Domain.csproj", "{50E7E4AA-8804-4152-8119-8DA39E465A15}"
EndProject
Global
	GlobalSection(SolutionConfigurationPlatforms) = preSolution
		Debug|Any CPU = Debug|Any CPU
		Debug|x64 = Debug|x64
		Debug|x86 = Debug|x86
		Release|Any CPU = Release|Any CPU
		Release|x64 = Release|x64
		Release|x86 = Release|x86
	EndGlobalSection
	GlobalSection(ProjectConfigurationPlatforms) = postSolution
		{F9856390-4C63-4BA7-B6BF-598F0DDB344F}.Debug|Any CPU.ActiveCfg = Debug|Any CPU
		{F9856390-4C63-4BA7-B6BF-598F0DDB344F}.Debug|Any CPU.Build.0 = Debug|Any CPU
		{F9856390-4C63-4BA7-B6BF-598F0DDB344F}.Debug|x64.ActiveCfg = Debug|Any CPU
		{F9856390-4C63-4BA7-B6BF-598F0DDB344F}.Debug|x64.Build.0 = Debug|Any CPU
		{F9856390-4C63-4BA7-B6BF-598F0DDB344F}.Debug|x86.ActiveCfg = Debug|Any CPU
		{F9856390-4C63-4BA7-B6BF-598F0DDB344F}.Debug|x86.Build.0 = Debug|Any CPU
		{F9856390-4C63-4BA7-B6BF-598F0DDB344F}.Release|Any CPU.ActiveCfg = Release|Any CPU
		{F9856390-4C63-4BA7-B6BF-598F0DDB344F}.Release|Any CPU.Build.0 = Release|Any CPU
		{F9856390-4C63-4BA7-B6BF-598F0DDB344F}.Release|x64.ActiveCfg = Release|Any CPU
		{F9856390-4C63-4BA7-B6BF-598F0DDB344F}.Release|x64.Build.0 = Release|Any CPU
		{F9856390-4C63-4BA7-B6BF-598F0DDB344F}.Release|x86.ActiveCfg = Release|Any CPU
		{F9856390-4C63-4BA7-B6BF-598F0DDB344F}.Release|x86.Build.0 = Release|Any CPU
		{C18479AC-472E-4CD5-A8A8-E750253A917A}.Debug|Any CPU.ActiveCfg = Debug|Any CPU
		{C18479AC-472E-4CD5-A8A8-E750253A917A}.Debug|Any CPU.Build.0 = Debug|Any CPU
		{C18479AC-472E-4CD5-A8A8-E750253A917A}.Debug|x64.ActiveCfg = Debug|Any CPU
		{C18479AC-472E-4CD5-A8A8-E750253A917A}.Debug|x64.Build.0 = Debug|Any CPU
		{C18479AC-472E-4CD5-A8A8-E750253A917A}.Debug|x86.ActiveCfg = Debug|Any CPU
		{C18479AC-472E-4CD5-A8A8-E750253A917A}.Debug|x86.Build.0 = Debug|Any CPU
		{C18479AC-472E-4CD5-A8A8-E750253A917A}.Release|Any CPU.ActiveCfg = Release|Any CPU
		{C18479AC-472E-4CD5-A8A8-E750253A917A}.Release|Any CPU.Build.0 = Release|Any CPU
		{C18479AC-472E-4CD5-A8A8-E750253A917A}.Release|x64.ActiveCfg = Release|Any CPU
		{C18479AC-472E-4CD5-A8A8-E750253A917A}.Release|x64.Build.0 = Release|Any CPU
		{C18479AC-472E-4CD5-A8A8-E750253A917A}.Release|x86.ActiveCfg = Release|Any CPU
		{C18479AC-472E-4CD5-A8A8-E750253A917A}.Release|x86.Build.0 = Release|Any CPU
		{92D50344-4C64-4360-97F5-90ADE7BCA28E}.Debug|Any CPU.ActiveCfg = Debug|Any CPU
		{92D50344-4C64-4360-97F5-90ADE7BCA28E}.Debug|Any CPU.Build.0 = Debug|Any CPU
		{92D50344-4C64-4360-97F5-90ADE7BCA28E}.Debug|x64.ActiveCfg = Debug|Any CPU
		{92D50344-4C64-4360-97F5-90ADE7BCA28E}.Debug|x64.Build.0 = Debug|Any CPU
		{92D50344-4C64-4360-97F5-90ADE7BCA28E}.Debug|x86.ActiveCfg = Debug|Any CPU
		{92D50344-4C64-4360-97F5-90ADE7BCA28E}.Debug|x86.Build.0 = Debug|Any CPU
		{92D50344-4C64-4360-97F5-90ADE7BCA28E}.Release|Any CPU.ActiveCfg = Release|Any CPU
		{92D50344-4C64-4360-97F5-90ADE7BCA28E}.Release|Any CPU.Build.0 = Release|Any CPU
		{92D50344-4C64-4360-97F5-90ADE7BCA28E}.Release|x64.ActiveCfg = Release|Any CPU
		{92D50344-4C64-4360-97F5-90ADE7BCA28E}.Release|x64.Build.0 = Release|Any CPU
		{92D50344-4C64-4360-97F5-90ADE7BCA28E}.Release|x86.ActiveCfg = Release|Any CPU
		{92D50344-4C64-4360-97F5-90ADE7BCA28E}.Release|x86.Build.0 = Release|Any CPU
		{50E7E4AA-8804-4152-8119-8DA39E465A15}.Debug|Any CPU.ActiveCfg = Debug|Any CPU
		{50E7E4AA-8804-4152-8119-8DA39E465A15}.Debug|Any CPU.Build.0 = Debug|Any CPU
		{50E7E4AA-8804-4152-8119-8DA39E465A15}.Debug|x64.ActiveCfg = Debug|Any CPU
		{50E7E4AA-8804-4152-8119-8DA39E465A15}.Debug|x64.Build.0 = Debug|Any CPU
		{50E7E4AA-8804-4152-8119-8DA39E465A15}.Debug|x86.ActiveCfg = Debug|Any CPU
		{50E7E4AA-8804-4152-8119-8DA39E465A15}.Debug|x86.Build.0 = Debug|Any CPU
		{50E7E4AA-8804-4152-8119-8DA39E465A15}.Release|Any CPU.ActiveCfg = Release|Any CPU
		{50E7E4AA-8804-4152-8119-8DA39E465A15}.Release|Any CPU.Build.0 = Release|Any CPU
		{50E7E4AA-8804-4152-8119-8DA39E465A15}.Release|x64.ActiveCfg = Release|Any CPU
		{50E7E4AA-8804-4152-8119-8DA39E465A15}.Release|x64.Build.0 = Release|Any CPU
		{50E7E4AA-8804-4152-8119-8DA39E465A15}.Release|x86.ActiveCfg = Release|Any CPU
		{50E7E4AA-8804-4152-8119-8DA39E465A15}.Release|x86.Build.0 = Release|Any CPU
	EndGlobalSection
	GlobalSection(SolutionProperties) = preSolution
		HideSolutionNode = FALSE
	EndGlobalSection
EndGlobal
